
Microsoft Visual Studio Solution File, Format Version 12.00
# Visual Studio Version 16
VisualStudioVersion = 16.0.29519.181
MinimumVisualStudioVersion = 10.0.40219.1
Project("{FAE04EC0-301F-11D3-BF4B-00C04F79EFBC}") = "URLRepo", "URLDirectoryRepo\URLRepo.csproj", "{A1D1B605-872A-451B-9405-6EC4728194F0}"
EndProject
Project("{FAE04EC0-301F-11D3-BF4B-00C04F79EFBC}") = "TinyUrlApi", "TinyUrlApi\TinyUrlApi.csproj", "{334D0BCF-EE2F-425F-A406-B92198E73501}"
EndProject
Global
	GlobalSection(SolutionConfigurationPlatforms) = preSolution
		Debug|Any CPU = Debug|Any CPU
		Release|Any CPU = Release|Any CPU
	EndGlobalSection
	GlobalSection(ProjectConfigurationPlatforms) = postSolution
		{A1D1B605-872A-451B-9405-6EC4728194F0}.Debug|Any CPU.ActiveCfg = Debug|Any CPU
		{A1D1B605-872A-451B-9405-6EC4728194F0}.Debug|Any CPU.Build.0 = Debug|Any CPU
		{A1D1B605-872A-451B-9405-6EC4728194F0}.Release|Any CPU.ActiveCfg = Release|Any CPU
		{A1D1B605-872A-451B-9405-6EC4728194F0}.Release|Any CPU.Build.0 = Release|Any CPU
		{334D0BCF-EE2F-425F-A406-B92198E73501}.Debug|Any CPU.ActiveCfg = Debug|Any CPU
		{334D0BCF-EE2F-425F-A406-B92198E73501}.Debug|Any CPU.Build.0 = Debug|Any CPU
		{334D0BCF-EE2F-425F-A406-B92198E73501}.Release|Any CPU.ActiveCfg = Release|Any CPU
		{334D0BCF-EE2F-425F-A406-B92198E73501}.Release|Any CPU.Build.0 = Release|Any CPU
	EndGlobalSection
	GlobalSection(SolutionProperties) = preSolution
		HideSolutionNode = FALSE
	EndGlobalSection
	GlobalSection(ExtensibilityGlobals) = postSolution
		SolutionGuid = {817B1A4E-3786-46A6-A46C-ACB1A8D655A3}
	EndGlobalSection
EndGlobal
